// !$*UTF8*$!
{
	archiveVersion = 1;
	classes = {
	};
	objectVersion = 77;
	objects = {

/* Begin PBXContainerItemProxy section */
		11A724C92DB487B6001FF7CE /* PBXContainerItemProxy */ = {
			isa = PBXContainerItemProxy;
			containerPortal = 11A724B02DB487B5001FF7CE /* Project object */;
			proxyType = 1;
			remoteGlobalIDString = 11A724B72DB487B5001FF7CE;
			remoteInfo = GoalChaser;
		};
		11A724D32DB487B6001FF7CE /* PBXContainerItemProxy */ = {
			isa = PBXContainerItemProxy;
			containerPortal = 11A724B02DB487B5001FF7CE /* Project object */;
			proxyType = 1;
			remoteGlobalIDString = 11A724B72DB487B5001FF7CE;
			remoteInfo = GoalChaser;
		};
/* End PBXContainerItemProxy section */

/* Begin PBXFileReference section */
		110C8C232E4AC06D00B8DDDA /* editor_page_screenshot.png */ = {isa = PBXFileReference; lastKnownFileType = image.png; path = editor_page_screenshot.png; sourceTree = "<group>"; };
		110C8C242E4AC06D00B8DDDA /* editor_page_screenshot2.png */ = {isa = PBXFileReference; lastKnownFileType = image.png; path = editor_page_screenshot2.png; sourceTree = "<group>"; };
		110C8C252E4AC06D00B8DDDA /* editor_page_screenshot3.png */ = {isa = PBXFileReference; lastKnownFileType = image.png; path = editor_page_screenshot3.png; sourceTree = "<group>"; };
		110C8C262E4AC06D00B8DDDA /* main_page_screenshot.png */ = {isa = PBXFileReference; lastKnownFileType = image.png; path = main_page_screenshot.png; sourceTree = "<group>"; };
		110C8C272E4AC06D00B8DDDA /* main_page_screenshot2.png */ = {isa = PBXFileReference; lastKnownFileType = image.png; path = main_page_screenshot2.png; sourceTree = "<group>"; };
		110C8C282E4AC06D00B8DDDA /* main_page_screenshot3.png */ = {isa = PBXFileReference; lastKnownFileType = image.png; path = main_page_screenshot3.png; sourceTree = "<group>"; };
		110C8C292E4AC06D00B8DDDA /* my_achievements_screenshot.png */ = {isa = PBXFileReference; lastKnownFileType = image.png; path = my_achievements_screenshot.png; sourceTree = "<group>"; };
		110C8C2A2E4AC06D00B8DDDA /* my_achievements_screenshot2.png */ = {isa = PBXFileReference; lastKnownFileType = image.png; path = my_achievements_screenshot2.png; sourceTree = "<group>"; };
		11A724B82DB487B5001FF7CE /* GoalChaser.app */ = {isa = PBXFileReference; explicitFileType = wrapper.application; includeInIndex = 0; name = GoalChaser.app; path = "/Users/seah/development/playground/Toy/GoalChaser/build/Debug-iphoneos/GoalChaser.app"; sourceTree = "<absolute>"; };
		11A724C82DB487B6001FF7CE /* GoalChaserTests.xctest */ = {isa = PBXFileReference; explicitFileType = wrapper.cfbundle; includeInIndex = 0; name = GoalChaserTests.xctest; path = "/Users/seah/development/playground/Toy/GoalChaser/build/Debug-iphoneos/GoalChaser.app/PlugIns/GoalChaserTests.xctest"; sourceTree = "<absolute>"; };
		11A724D22DB487B6001FF7CE /* GoalChaserUITests.xctest */ = {isa = PBXFileReference; explicitFileType = wrapper.cfbundle; includeInIndex = 0; name = GoalChaserUITests.xctest; path = "/Users/seah/development/playground/Toy/GoalChaser/build/Debug-iphoneos/GoalChaserUITests-Runner.app/PlugIns/GoalChaserUITests.xctest"; sourceTree = "<absolute>"; };
/* End PBXFileReference section */

/* Begin PBXFileSystemSynchronizedRootGroup section */
		11A724BA2DB487B5001FF7CE /* GoalChaser */ = {
			isa = PBXFileSystemSynchronizedRootGroup;
			path = GoalChaser;
			sourceTree = "<group>";
		};
		11A724CB2DB487B6001FF7CE /* GoalChaserTests */ = {
			isa = PBXFileSystemSynchronizedRootGroup;
			path = GoalChaserTests;
			sourceTree = "<group>";
		};
		11A724D52DB487B6001FF7CE /* GoalChaserUITests */ = {
			isa = PBXFileSystemSynchronizedRootGroup;
			path = GoalChaserUITests;
			sourceTree = "<group>";
		};
/* End PBXFileSystemSynchronizedRootGroup section */

/* Begin PBXFrameworksBuildPhase section */
		11A724B52DB487B5001FF7CE /* Frameworks */ = {
			isa = PBXFrameworksBuildPhase;
			buildActionMask = 2147483647;
			files = (
			);
			runOnlyForDeploymentPostprocessing = 0;
		};
		11A724C52DB487B6001FF7CE /* Frameworks */ = {
			isa = PBXFrameworksBuildPhase;
			buildActionMask = 2147483647;
			files = (
			);
			runOnlyForDeploymentPostprocessing = 0;
		};
		11A724CF2DB487B6001FF7CE /* Frameworks */ = {
			isa = PBXFrameworksBuildPhase;
			buildActionMask = 2147483647;
			files = (
			);
			runOnlyForDeploymentPostprocessing = 0;
		};
/* End PBXFrameworksBuildPhase section */

/* Begin PBXGroup section */
		110C8C172E4AB97400B8DDDA /* images */ = {
			isa = PBXGroup;
			children = (
				110C8C232E4AC06D00B8DDDA /* editor_page_screenshot.png */,
				110C8C242E4AC06D00B8DDDA /* editor_page_screenshot2.png */,
				110C8C252E4AC06D00B8DDDA /* editor_page_screenshot3.png */,
				110C8C262E4AC06D00B8DDDA /* main_page_screenshot.png */,
				110C8C272E4AC06D00B8DDDA /* main_page_screenshot2.png */,
				110C8C282E4AC06D00B8DDDA /* main_page_screenshot3.png */,
				110C8C292E4AC06D00B8DDDA /* my_achievements_screenshot.png */,
				110C8C2A2E4AC06D00B8DDDA /* my_achievements_screenshot2.png */,
			);
			path = images;
			sourceTree = "<group>";
		};
		11A724AF2DB487B5001FF7CE = {
			isa = PBXGroup;
			children = (
				11A724BA2DB487B5001FF7CE /* GoalChaser */,
				11A724CB2DB487B6001FF7CE /* GoalChaserTests */,
				11A724D52DB487B6001FF7CE /* GoalChaserUITests */,
				110C8C172E4AB97400B8DDDA /* images */,
			);
			sourceTree = "<group>";
		};
/* End PBXGroup section */

/* Begin PBXNativeTarget section */
		11A724B72DB487B5001FF7CE /* GoalChaser */ = {
			isa = PBXNativeTarget;
			buildConfigurationList = 11A724DC2DB487B6001FF7CE /* Build configuration list for PBXNativeTarget "GoalChaser" */;
			buildPhases = (
				11A724B42DB487B5001FF7CE /* Sources */,
				11A724B52DB487B5001FF7CE /* Frameworks */,
				11A724B62DB487B5001FF7CE /* Resources */,
			);
			buildRules = (
			);
			dependencies = (
			);
			fileSystemSynchronizedGroups = (
				11A724BA2DB487B5001FF7CE /* GoalChaser */,
			);
			name = GoalChaser;
			packageProductDependencies = (
			);
			productName = GoalChaser;
			productReference = 11A724B82DB487B5001FF7CE /* GoalChaser.app */;
			productType = "com.apple.product-type.application";
		};
		11A724C72DB487B6001FF7CE /* GoalChaserTests */ = {
			isa = PBXNativeTarget;
			buildConfigurationList = 11A724DF2DB487B6001FF7CE /* Build configuration list for PBXNativeTarget "GoalChaserTests" */;
			buildPhases = (
				11A724C42DB487B6001FF7CE /* Sources */,
				11A724C52DB487B6001FF7CE /* Frameworks */,
				11A724C62DB487B6001FF7CE /* Resources */,
			);
			buildRules = (
			);
			dependencies = (
				11A724CA2DB487B6001FF7CE /* PBXTargetDependency */,
			);
			fileSystemSynchronizedGroups = (
				11A724CB2DB487B6001FF7CE /* GoalChaserTests */,
			);
			name = GoalChaserTests;
			packageProductDependencies = (
			);
			productName = GoalChaserTests;
			productReference = 11A724C82DB487B6001FF7CE /* GoalChaserTests.xctest */;
			productType = "com.apple.product-type.bundle.unit-test";
		};
		11A724D12DB487B6001FF7CE /* GoalChaserUITests */ = {
			isa = PBXNativeTarget;
			buildConfigurationList = 11A724E22DB487B6001FF7CE /* Build configuration list for PBXNativeTarget "GoalChaserUITests" */;
			buildPhases = (
				11A724CE2DB487B6001FF7CE /* Sources */,
				11A724CF2DB487B6001FF7CE /* Frameworks */,
				11A724D02DB487B6001FF7CE /* Resources */,
			);
			buildRules = (
			);
			dependencies = (
				11A724D42DB487B6001FF7CE /* PBXTargetDependency */,
			);
			fileSystemSynchronizedGroups = (
				11A724D52DB487B6001FF7CE /* GoalChaserUITests */,
			);
			name = GoalChaserUITests;
			packageProductDependencies = (
			);
			productName = GoalChaserUITests;
			productReference = 11A724D22DB487B6001FF7CE /* GoalChaserUITests.xctest */;
			productType = "com.apple.product-type.bundle.ui-testing";
		};
/* End PBXNativeTarget section */

/* Begin PBXProject section */
		11A724B02DB487B5001FF7CE /* Project object */ = {
			isa = PBXProject;
			attributes = {
				BuildIndependentTargetsInParallel = 1;
				LastSwiftUpdateCheck = 1620;
				LastUpgradeCheck = 1620;
				TargetAttributes = {
					11A724B72DB487B5001FF7CE = {
						CreatedOnToolsVersion = 16.2;
					};
					11A724C72DB487B6001FF7CE = {
						CreatedOnToolsVersion = 16.2;
						TestTargetID = 11A724B72DB487B5001FF7CE;
					};
					11A724D12DB487B6001FF7CE = {
						CreatedOnToolsVersion = 16.2;
						TestTargetID = 11A724B72DB487B5001FF7CE;
					};
				};
			};
			buildConfigurationList = 11A724B32DB487B5001FF7CE /* Build configuration list for PBXProject "GoalChaser" */;
			developmentRegion = en;
			hasScannedForEncodings = 0;
			knownRegions = (
				en,
				Base,
			);
			mainGroup = 11A724AF2DB487B5001FF7CE;
			minimizedProjectReferenceProxies = 1;
			preferredProjectObjectVersion = 77;
			productRefGroup = 11A724AF2DB487B5001FF7CE;
			projectDirPath = "";
			projectRoot = "";
			targets = (
				11A724B72DB487B5001FF7CE /* GoalChaser */,
				11A724C72DB487B6001FF7CE /* GoalChaserTests */,
				11A724D12DB487B6001FF7CE /* GoalChaserUITests */,
			);
		};
/* End PBXProject section */

/* Begin PBXResourcesBuildPhase section */
		11A724B62DB487B5001FF7CE /* Resources */ = {
			isa = PBXResourcesBuildPhase;
			buildActionMask = 2147483647;
			files = (
			);
			runOnlyForDeploymentPostprocessing = 0;
		};
		11A724C62DB487B6001FF7CE /* Resources */ = {
			isa = PBXResourcesBuildPhase;
			buildActionMask = 2147483647;
			files = (
			);
			runOnlyForDeploymentPostprocessing = 0;
		};
		11A724D02DB487B6001FF7CE /* Resources */ = {
			isa = PBXResourcesBuildPhase;
			buildActionMask = 2147483647;
			files = (
			);
			runOnlyForDeploymentPostprocessing = 0;
		};
/* End PBXResourcesBuildPhase section */

/* Begin PBXSourcesBuildPhase section */
		11A724B42DB487B5001FF7CE /* Sources */ = {
			isa = PBXSourcesBuildPhase;
			buildActionMask = 2147483647;
			files = (
			);
			runOnlyForDeploymentPostprocessing = 0;
		};
		11A724C42DB487B6001FF7CE /* Sources */ = {
			isa = PBXSourcesBuildPhase;
			buildActionMask = 2147483647;
			files = (
			);
			runOnlyForDeploymentPostprocessing = 0;
		};
		11A724CE2DB487B6001FF7CE /* Sources */ = {
			isa = PBXSourcesBuildPhase;
			buildActionMask = 2147483647;
			files = (
			);
			runOnlyForDeploymentPostprocessing = 0;
		};
/* End PBXSourcesBuildPhase section */

/* Begin PBXTargetDependency section */
		11A724CA2DB487B6001FF7CE /* PBXTargetDependency */ = {
			isa = PBXTargetDependency;
			target = 11A724B72DB487B5001FF7CE /* GoalChaser */;
			targetProxy = 11A724C92DB487B6001FF7CE /* PBXContainerItemProxy */;
		};
		11A724D42DB487B6001FF7CE /* PBXTargetDependency */ = {
			isa = PBXTargetDependency;
			target = 11A724B72DB487B5001FF7CE /* GoalChaser */;
			targetProxy = 11A724D32DB487B6001FF7CE /* PBXContainerItemProxy */;
		};
/* End PBXTargetDependency section */

/* Begin XCBuildConfiguration section */
		11A724DA2DB487B6001FF7CE /* Debug */ = {
			isa = XCBuildConfiguration;
			buildSettings = {
				ALWAYS_SEARCH_USER_PATHS = NO;
				ASSETCATALOG_COMPILER_GENERATE_SWIFT_ASSET_SYMBOL_EXTENSIONS = YES;
				CLANG_ANALYZER_NONNULL = YES;
				CLANG_ANALYZER_NUMBER_OBJECT_CONVERSION = YES_AGGRESSIVE;
				CLANG_CXX_LANGUAGE_STANDARD = "gnu++20";
				CLANG_ENABLE_MODULES = YES;
				CLANG_ENABLE_OBJC_ARC = YES;
				CLANG_ENABLE_OBJC_WEAK = YES;
				CLANG_WARN_BLOCK_CAPTURE_AUTORELEASING = YES;
				CLANG_WARN_BOOL_CONVERSION = YES;
				CLANG_WARN_COMMA = YES;
				CLANG_WARN_CONSTANT_CONVERSION = YES;
				CLANG_WARN_DEPRECATED_OBJC_IMPLEMENTATIONS = YES;
				CLANG_WARN_DIRECT_OBJC_ISA_USAGE = YES_ERROR;
				CLANG_WARN_DOCUMENTATION_COMMENTS = YES;
				CLANG_WARN_EMPTY_BODY = YES;
				CLANG_WARN_ENUM_CONVERSION = YES;
				CLANG_WARN_INFINITE_RECURSION = YES;
				CLANG_WARN_INT_CONVERSION = YES;
				CLANG_WARN_NON_LITERAL_NULL_CONVERSION = YES;
				CLANG_WARN_OBJC_IMPLICIT_RETAIN_SELF = YES;
				CLANG_WARN_OBJC_LITERAL_CONVERSION = YES;
				CLANG_WARN_OBJC_ROOT_CLASS = YES_ERROR;
				CLANG_WARN_QUOTED_INCLUDE_IN_FRAMEWORK_HEADER = YES;
				CLANG_WARN_RANGE_LOOP_ANALYSIS = YES;
				CLANG_WARN_STRICT_PROTOTYPES = YES;
				CLANG_WARN_SUSPICIOUS_MOVE = YES;
				CLANG_WARN_UNGUARDED_AVAILABILITY = YES_AGGRESSIVE;
				CLANG_WARN_UNREACHABLE_CODE = YES;
				CLANG_WARN__DUPLICATE_METHOD_MATCH = YES;
				COPY_PHASE_STRIP = NO;
				DEBUG_INFORMATION_FORMAT = dwarf;
				ENABLE_STRICT_OBJC_MSGSEND = YES;
				ENABLE_TESTABILITY = YES;
				ENABLE_USER_SCRIPT_SANDBOXING = YES;
				GCC_C_LANGUAGE_STANDARD = gnu17;
				GCC_DYNAMIC_NO_PIC = NO;
				GCC_NO_COMMON_BLOCKS = YES;
				GCC_OPTIMIZATION_LEVEL = 0;
				GCC_PREPROCESSOR_DEFINITIONS = (
					"DEBUG=1",
					"$(inherited)",
				);
				GCC_WARN_64_TO_32_BIT_CONVERSION = YES;
				GCC_WARN_ABOUT_RETURN_TYPE = YES_ERROR;
				GCC_WARN_UNDECLARED_SELECTOR = YES;
				GCC_WARN_UNINITIALIZED_AUTOS = YES_AGGRESSIVE;
				GCC_WARN_UNUSED_FUNCTION = YES;
				GCC_WARN_UNUSED_VARIABLE = YES;
				IPHONEOS_DEPLOYMENT_TARGET = 18.2;
				LOCALIZATION_PREFERS_STRING_CATALOGS = YES;
				MTL_ENABLE_DEBUG_INFO = INCLUDE_SOURCE;
				MTL_FAST_MATH = YES;
				ONLY_ACTIVE_ARCH = YES;
				SDKROOT = iphoneos;
				SWIFT_ACTIVE_COMPILATION_CONDITIONS = "DEBUG $(inherited)";
				SWIFT_OPTIMIZATION_LEVEL = "-Onone";
			};
			name = Debug;
		};
		11A724DB2DB487B6001FF7CE /* Release */ = {
			isa = XCBuildConfiguration;
			buildSettings = {
				ALWAYS_SEARCH_USER_PATHS = NO;
				ASSETCATALOG_COMPILER_GENERATE_SWIFT_ASSET_SYMBOL_EXTENSIONS = YES;
				CLANG_ANALYZER_NONNULL = YES;
				CLANG_ANALYZER_NUMBER_OBJECT_CONVERSION = YES_AGGRESSIVE;
				CLANG_CXX_LANGUAGE_STANDARD = "gnu++20";
				CLANG_ENABLE_MODULES = YES;
				CLANG_ENABLE_OBJC_ARC = YES;
				CLANG_ENABLE_OBJC_WEAK = YES;
				CLANG_WARN_BLOCK_CAPTURE_AUTORELEASING = YES;
				CLANG_WARN_BOOL_CONVERSION = YES;
				CLANG_WARN_COMMA = YES;
				CLANG_WARN_CONSTANT_CONVERSION = YES;
				CLANG_WARN_DEPRECATED_OBJC_IMPLEMENTATIONS = YES;
				CLANG_WARN_DIRECT_OBJC_ISA_USAGE = YES_ERROR;
				CLANG_WARN_DOCUMENTATION_COMMENTS = YES;
				CLANG_WARN_EMPTY_BODY = YES;
				CLANG_WARN_ENUM_CONVERSION = YES;
				CLANG_WARN_INFINITE_RECURSION = YES;
				CLANG_WARN_INT_CONVERSION = YES;
				CLANG_WARN_NON_LITERAL_NULL_CONVERSION = YES;
				CLANG_WARN_OBJC_IMPLICIT_RETAIN_SELF = YES;
				CLANG_WARN_OBJC_LITERAL_CONVERSION = YES;
				CLANG_WARN_OBJC_ROOT_CLASS = YES_ERROR;
				CLANG_WARN_QUOTED_INCLUDE_IN_FRAMEWORK_HEADER = YES;
				CLANG_WARN_RANGE_LOOP_ANALYSIS = YES;
				CLANG_WARN_STRICT_PROTOTYPES = YES;
				CLANG_WARN_SUSPICIOUS_MOVE = YES;
				CLANG_WARN_UNGUARDED_AVAILABILITY = YES_AGGRESSIVE;
				CLANG_WARN_UNREACHABLE_CODE = YES;
				CLANG_WARN__DUPLICATE_METHOD_MATCH = YES;
				COPY_PHASE_STRIP = NO;
				DEBUG_INFORMATION_FORMAT = "dwarf-with-dsym";
				ENABLE_NS_ASSERTIONS = NO;
				ENABLE_STRICT_OBJC_MSGSEND = YES;
				ENABLE_USER_SCRIPT_SANDBOXING = YES;
				GCC_C_LANGUAGE_STANDARD = gnu17;
				GCC_NO_COMMON_BLOCKS = YES;
				GCC_WARN_64_TO_32_BIT_CONVERSION = YES;
				GCC_WARN_ABOUT_RETURN_TYPE = YES_ERROR;
				GCC_WARN_UNDECLARED_SELECTOR = YES;
				GCC_WARN_UNINITIALIZED_AUTOS = YES_AGGRESSIVE;
				GCC_WARN_UNUSED_FUNCTION = YES;
				GCC_WARN_UNUSED_VARIABLE = YES;
				IPHONEOS_DEPLOYMENT_TARGET = 18.2;
				LOCALIZATION_PREFERS_STRING_CATALOGS = YES;
				MTL_ENABLE_DEBUG_INFO = NO;
				MTL_FAST_MATH = YES;
				SDKROOT = iphoneos;
				SWIFT_COMPILATION_MODE = wholemodule;
				VALIDATE_PRODUCT = YES;
			};
			name = Release;
		};
		11A724DD2DB487B6001FF7CE /* Debug */ = {
			isa = XCBuildConfiguration;
			buildSettings = {
				ASSETCATALOG_COMPILER_APPICON_NAME = AppIcon;
				ASSETCATALOG_COMPILER_GLOBAL_ACCENT_COLOR_NAME = AccentColor;
				CODE_SIGN_STYLE = Automatic;
				CURRENT_PROJECT_VERSION = 1;
				DEVELOPMENT_ASSET_PATHS = "\"GoalChaser/Preview Content\"";
				DEVELOPMENT_TEAM = 4KCT9455S7;
				ENABLE_PREVIEWS = YES;
				GENERATE_INFOPLIST_FILE = YES;
				INFOPLIST_KEY_UIApplicationSceneManifest_Generation = YES;
				INFOPLIST_KEY_UIApplicationSupportsIndirectInputEvents = YES;
				INFOPLIST_KEY_UILaunchScreen_Generation = YES;
				INFOPLIST_KEY_UISupportedInterfaceOrientations_iPad = "UIInterfaceOrientationPortrait UIInterfaceOrientationPortraitUpsideDown UIInterfaceOrientationLandscapeLeft UIInterfaceOrientationLandscapeRight";
				INFOPLIST_KEY_UISupportedInterfaceOrientations_iPhone = "UIInterfaceOrientationPortrait UIInterfaceOrientationLandscapeLeft UIInterfaceOrientationLandscapeRight";
				LD_RUNPATH_SEARCH_PATHS = (
					"$(inherited)",
					"@executable_path/Frameworks",
				);
				MARKETING_VERSION = 1.0;
				PRODUCT_BUNDLE_IDENTIFIER = com.lifelper.GoalChaser;
				PRODUCT_NAME = "$(TARGET_NAME)";
				SWIFT_EMIT_LOC_STRINGS = YES;
				SWIFT_VERSION = 5.0;
				TARGETED_DEVICE_FAMILY = "1,2";
			};
			name = Debug;
		};
		11A724DE2DB487B6001FF7CE /* Release */ = {
			isa = XCBuildConfiguration;
			buildSettings = {
				ASSETCATALOG_COMPILER_APPICON_NAME = AppIcon;
				ASSETCATALOG_COMPILER_GLOBAL_ACCENT_COLOR_NAME = AccentColor;
				CODE_SIGN_STYLE = Automatic;
				CURRENT_PROJECT_VERSION = 1;
				DEVELOPMENT_ASSET_PATHS = "\"GoalChaser/Preview Content\"";
				DEVELOPMENT_TEAM = 4KCT9455S7;
				ENABLE_PREVIEWS = YES;
				GENERATE_INFOPLIST_FILE = YES;
				INFOPLIST_KEY_UIApplicationSceneManifest_Generation = YES;
				INFOPLIST_KEY_UIApplicationSupportsIndirectInputEvents = YES;
				INFOPLIST_KEY_UILaunchScreen_Generation = YES;
				INFOPLIST_KEY_UISupportedInterfaceOrientations_iPad = "UIInterfaceOrientationPortrait UIInterfaceOrientationPortraitUpsideDown UIInterfaceOrientationLandscapeLeft UIInterfaceOrientationLandscapeRight";
				INFOPLIST_KEY_UISupportedInterfaceOrientations_iPhone = "UIInterfaceOrientationPortrait UIInterfaceOrientationLandscapeLeft UIInterfaceOrientationLandscapeRight";
				LD_RUNPATH_SEARCH_PATHS = (
					"$(inherited)",
					"@executable_path/Frameworks",
				);
				MARKETING_VERSION = 1.0;
				PRODUCT_BUNDLE_IDENTIFIER = com.lifelper.GoalChaser;
				PRODUCT_NAME = "$(TARGET_NAME)";
				SWIFT_EMIT_LOC_STRINGS = YES;
				SWIFT_VERSION = 5.0;
				TARGETED_DEVICE_FAMILY = "1,2";
			};
			name = Release;
		};
		11A724E02DB487B6001FF7CE /* Debug */ = {
			isa = XCBuildConfiguration;
			buildSettings = {
				BUNDLE_LOADER = "$(TEST_HOST)";
				CODE_SIGN_STYLE = Automatic;
				CURRENT_PROJECT_VERSION = 1;
				DEVELOPMENT_TEAM = 4KCT9455S7;
				GENERATE_INFOPLIST_FILE = YES;
				IPHONEOS_DEPLOYMENT_TARGET = 18.2;
				MARKETING_VERSION = 1.0;
				PRODUCT_BUNDLE_IDENTIFIER = com.lifelper.GoalChaserTests;
				PRODUCT_NAME = "$(TARGET_NAME)";
				SWIFT_EMIT_LOC_STRINGS = NO;
				SWIFT_VERSION = 5.0;
				TARGETED_DEVICE_FAMILY = "1,2";
				TEST_HOST = "$(BUILT_PRODUCTS_DIR)/GoalChaser.app/$(BUNDLE_EXECUTABLE_FOLDER_PATH)/GoalChaser";
			};
			name = Debug;
		};
		11A724E12DB487B6001FF7CE /* Release */ = {
			isa = XCBuildConfiguration;
			buildSettings = {
				BUNDLE_LOADER = "$(TEST_HOST)";
				CODE_SIGN_STYLE = Automatic;
				CURRENT_PROJECT_VERSION = 1;
				DEVELOPMENT_TEAM = 4KCT9455S7;
				GENERATE_INFOPLIST_FILE = YES;
				IPHONEOS_DEPLOYMENT_TARGET = 18.2;
				MARKETING_VERSION = 1.0;
				PRODUCT_BUNDLE_IDENTIFIER = com.lifelper.GoalChaserTests;
				PRODUCT_NAME = "$(TARGET_NAME)";
				SWIFT_EMIT_LOC_STRINGS = NO;
				SWIFT_VERSION = 5.0;
				TARGETED_DEVICE_FAMILY = "1,2";
				TEST_HOST = "$(BUILT_PRODUCTS_DIR)/GoalChaser.app/$(BUNDLE_EXECUTABLE_FOLDER_PATH)/GoalChaser";
			};
			name = Release;
		};
		11A724E32DB487B6001FF7CE /* Debug */ = {
			isa = XCBuildConfiguration;
			buildSettings = {
				CODE_SIGN_STYLE = Automatic;
				CURRENT_PROJECT_VERSION = 1;
				DEVELOPMENT_TEAM = 4KCT9455S7;
				GENERATE_INFOPLIST_FILE = YES;
				MARKETING_VERSION = 1.0;
				PRODUCT_BUNDLE_IDENTIFIER = com.lifelper.GoalChaserUITests;
				PRODUCT_NAME = "$(TARGET_NAME)";
				SWIFT_EMIT_LOC_STRINGS = NO;
				SWIFT_VERSION = 5.0;
				TARGETED_DEVICE_FAMILY = "1,2";
				TEST_TARGET_NAME = GoalChaser;
			};
			name = Debug;
		};
		11A724E42DB487B6001FF7CE /* Release */ = {
			isa = XCBuildConfiguration;
			buildSettings = {
				CODE_SIGN_STYLE = Automatic;
				CURRENT_PROJECT_VERSION = 1;
				DEVELOPMENT_TEAM = 4KCT9455S7;
				GENERATE_INFOPLIST_FILE = YES;
				MARKETING_VERSION = 1.0;
				PRODUCT_BUNDLE_IDENTIFIER = com.lifelper.GoalChaserUITests;
				PRODUCT_NAME = "$(TARGET_NAME)";
				SWIFT_EMIT_LOC_STRINGS = NO;
				SWIFT_VERSION = 5.0;
				TARGETED_DEVICE_FAMILY = "1,2";
				TEST_TARGET_NAME = GoalChaser;
			};
			name = Release;
		};
/* End XCBuildConfiguration section */

/* Begin XCConfigurationList section */
		11A724B32DB487B5001FF7CE /* Build configuration list for PBXProject "GoalChaser" */ = {
			isa = XCConfigurationList;
			buildConfigurations = (
				11A724DA2DB487B6001FF7CE /* Debug */,
				11A724DB2DB487B6001FF7CE /* Release */,
			);
			defaultConfigurationIsVisible = 0;
			defaultConfigurationName = Release;
		};
		11A724DC2DB487B6001FF7CE /* Build configuration list for PBXNativeTarget "GoalChaser" */ = {
			isa = XCConfigurationList;
			buildConfigurations = (
				11A724DD2DB487B6001FF7CE /* Debug */,
				11A724DE2DB487B6001FF7CE /* Release */,
			);
			defaultConfigurationIsVisible = 0;
			defaultConfigurationName = Release;
		};
		11A724DF2DB487B6001FF7CE /* Build configuration list for PBXNativeTarget "GoalChaserTests" */ = {
			isa = XCConfigurationList;
			buildConfigurations = (
				11A724E02DB487B6001FF7CE /* Debug */,
				11A724E12DB487B6001FF7CE /* Release */,
			);
			defaultConfigurationIsVisible = 0;
			defaultConfigurationName = Release;
		};
		11A724E22DB487B6001FF7CE /* Build configuration list for PBXNativeTarget "GoalChaserUITests" */ = {
			isa = XCConfigurationList;
			buildConfigurations = (
				11A724E32DB487B6001FF7CE /* Debug */,
				11A724E42DB487B6001FF7CE /* Release */,
			);
			defaultConfigurationIsVisible = 0;
			defaultConfigurationName = Release;
		};
/* End XCConfigurationList section */
	};
	rootObject = 11A724B02DB487B5001FF7CE /* Project object */;
}
